{
  "name": "hello-uniapp",
  "version": "3.4.9",
  "lockfileVersion": 3,
  "requires": true,
  "packages": {
    "": {
      "name": "hello-uniapp",
      "version": "3.4.9",
      "license": "MIT",
      "engines": {
        "HBuilderX": "^3.1.0",
        "uni-app": "^4.03",
        "uni-app-x": ""
      }
    }
  }
}
